// !$*UTF8*$!
{
	archiveVersion = 1;
	classes = {
	};
	objectVersion = 50;
	objects = {

/* Begin PBXBuildFile section */
		9B9DE4E524EEC16C00D80085 /* AppDelegate.swift in Sources */ = {isa = PBXBuildFile; fileRef = 9B9DE4E424EEC16C00D80085 /* AppDelegate.swift */; };
		9B9DE4E724EEC16C00D80085 /* SceneDelegate.swift in Sources */ = {isa = PBXBuildFile; fileRef = 9B9DE4E624EEC16C00D80085 /* SceneDelegate.swift */; };
		9B9DE4EC24EEC16C00D80085 /* Main.storyboard in Resources */ = {isa = PBXBuildFile; fileRef = 9B9DE4EA24EEC16C00D80085 /* Main.storyboard */; };
		9B9DE4F124EEC16C00D80085 /* LaunchScreen.storyboard in Resources */ = {isa = PBXBuildFile; fileRef = 9B9DE4EF24EEC16C00D80085 /* LaunchScreen.storyboard */; };
		9B9DE4F924EEC1A500D80085 /* Assets.xcassets in Resources */ = {isa = PBXBuildFile; fileRef = 9B9DE4F824EEC1A500D80085 /* Assets.xcassets */; };
		9B9DE4FB24EEC25A00D80085 /* GameViewController.swift in Sources */ = {isa = PBXBuildFile; fileRef = 9B9DE4FA24EEC25A00D80085 /* GameViewController.swift */; };
		9B9DE4FD24EEC2CF00D80085 /* Card.swift in Sources */ = {isa = PBXBuildFile; fileRef = 9B9DE4FC24EEC2CF00D80085 /* Card.swift */; };
		9B9DE4FF24EECAEE00D80085 /* CardDeck.swift in Sources */ = {isa = PBXBuildFile; fileRef = 9B9DE4FE24EECAEE00D80085 /* CardDeck.swift */; };
		9B9DE50124EF0F8000D80085 /* CardStyle.swift in Sources */ = {isa = PBXBuildFile; fileRef = 9B9DE50024EF0F8000D80085 /* CardStyle.swift */; };
		9BB56CC524F021FE005BF8CE /* Game.swift in Sources */ = {isa = PBXBuildFile; fileRef = 9BB56CC424F021FE005BF8CE /* Game.swift */; };
		9BFC118E24F91300000C3927 /* UIButton+Extension.swift in Sources */ = {isa = PBXBuildFile; fileRef = 9BFC118D24F91300000C3927 /* UIButton+Extension.swift */; };
/* End PBXBuildFile section */

/* Begin PBXFileReference section */
		9B9DE4E124EEC16C00D80085 /* HighLow.app */ = {isa = PBXFileReference; explicitFileType = wrapper.application; includeInIndex = 0; path = HighLow.app; sourceTree = BUILT_PRODUCTS_DIR; };
		9B9DE4E424EEC16C00D80085 /* AppDelegate.swift */ = {isa = PBXFileReference; lastKnownFileType = sourcecode.swift; path = AppDelegate.swift; sourceTree = "<group>"; };
		9B9DE4E624EEC16C00D80085 /* SceneDelegate.swift */ = {isa = PBXFileReference; lastKnownFileType = sourcecode.swift; path = SceneDelegate.swift; sourceTree = "<group>"; };
		9B9DE4EB24EEC16C00D80085 /* Base */ = {isa = PBXFileReference; lastKnownFileType = file.storyboard; name = Base; path = Base.lproj/Main.storyboard; sourceTree = "<group>"; };
		9B9DE4F024EEC16C00D80085 /* Base */ = {isa = PBXFileReference; lastKnownFileType = file.storyboard; name = Base; path = Base.lproj/LaunchScreen.storyboard; sourceTree = "<group>"; };
		9B9DE4F224EEC16C00D80085 /* Info.plist */ = {isa = PBXFileReference; lastKnownFileType = text.plist.xml; path = Info.plist; sourceTree = "<group>"; };
		9B9DE4F824EEC1A500D80085 /* Assets.xcassets */ = {isa = PBXFileReference; lastKnownFileType = folder.assetcatalog; path = Assets.xcassets; sourceTree = "<group>"; };
		9B9DE4FA24EEC25A00D80085 /* GameViewController.swift */ = {isa = PBXFileReference; lastKnownFileType = sourcecode.swift; path = GameViewController.swift; sourceTree = "<group>"; };
		9B9DE4FC24EEC2CF00D80085 /* Card.swift */ = {isa = PBXFileReference; lastKnownFileType = sourcecode.swift; path = Card.swift; sourceTree = "<group>"; };
		9B9DE4FE24EECAEE00D80085 /* CardDeck.swift */ = {isa = PBXFileReference; lastKnownFileType = sourcecode.swift; path = CardDeck.swift; sourceTree = "<group>"; };
		9B9DE50024EF0F8000D80085 /* CardStyle.swift */ = {isa = PBXFileReference; lastKnownFileType = sourcecode.swift; path = CardStyle.swift; sourceTree = "<group>"; };
		9BB56CC424F021FE005BF8CE /* Game.swift */ = {isa = PBXFileReference; lastKnownFileType = sourcecode.swift; path = Game.swift; sourceTree = "<group>"; };
		9BFC118D24F91300000C3927 /* UIButton+Extension.swift */ = {isa = PBXFileReference; lastKnownFileType = sourcecode.swift; path = "UIButton+Extension.swift"; sourceTree = "<group>"; };
/* End PBXFileReference section */

/* Begin PBXFrameworksBuildPhase section */
		9B9DE4DE24EEC16C00D80085 /* Frameworks */ = {
			isa = PBXFrameworksBuildPhase;
			buildActionMask = 2147483647;
			files = (
			);
			runOnlyForDeploymentPostprocessing = 0;
		};
/* End PBXFrameworksBuildPhase section */

/* Begin PBXGroup section */
		9B9DE4D824EEC16C00D80085 = {
			isa = PBXGroup;
			children = (
				9B9DE4E324EEC16C00D80085 /* HighLowCardGame */,
				9B9DE4E224EEC16C00D80085 /* Products */,
			);
			sourceTree = "<group>";
		};
		9B9DE4E224EEC16C00D80085 /* Products */ = {
			isa = PBXGroup;
			children = (
				9B9DE4E124EEC16C00D80085 /* HighLow.app */,
			);
			name = Products;
			sourceTree = "<group>";
		};
		9B9DE4E324EEC16C00D80085 /* HighLowCardGame */ = {
			isa = PBXGroup;
			children = (
				9B9DE4E424EEC16C00D80085 /* AppDelegate.swift */,
				9B9DE4E624EEC16C00D80085 /* SceneDelegate.swift */,
				9B9DE4FA24EEC25A00D80085 /* GameViewController.swift */,
				9BB56CC424F021FE005BF8CE /* Game.swift */,
				9B9DE4FC24EEC2CF00D80085 /* Card.swift */,
				9B9DE50024EF0F8000D80085 /* CardStyle.swift */,
				9B9DE4FE24EECAEE00D80085 /* CardDeck.swift */,
				9B9DE4EA24EEC16C00D80085 /* Main.storyboard */,
				9B9DE4EF24EEC16C00D80085 /* LaunchScreen.storyboard */,
				9B9DE4F224EEC16C00D80085 /* Info.plist */,
				9B9DE4F824EEC1A500D80085 /* Assets.xcassets */,
				9BFC118D24F91300000C3927 /* UIButton+Extension.swift */,
			);
			path = HighLowCardGame;
			sourceTree = "<group>";
		};
/* End PBXGroup section */

/* Begin PBXNativeTarget section */
		9B9DE4E024EEC16C00D80085 /* HighLowCardGame */ = {
			isa = PBXNativeTarget;
			buildConfigurationList = 9B9DE4F524EEC16C00D80085 /* Build configuration list for PBXNativeTarget "HighLowCardGame" */;
			buildPhases = (
				9B9DE4DD24EEC16C00D80085 /* Sources */,
				9B9DE4DE24EEC16C00D80085 /* Frameworks */,
				9B9DE4DF24EEC16C00D80085 /* Resources */,
			);
			buildRules = (
			);
			dependencies = (
			);
			name = HighLowCardGame;
			productName = HighLowCardGame;
			productReference = 9B9DE4E124EEC16C00D80085 /* HighLow.app */;
			productType = "com.apple.product-type.application";
		};
/* End PBXNativeTarget section */

/* Begin PBXProject section */
		9B9DE4D924EEC16C00D80085 /* Project object */ = {
			isa = PBXProject;
			attributes = {
				LastSwiftUpdateCheck = 1160;
				LastUpgradeCheck = 1160;
				ORGANIZATIONNAME = "Tobias Schaarschmidt";
				TargetAttributes = {
					9B9DE4E024EEC16C00D80085 = {
						CreatedOnToolsVersion = 11.6;
					};
				};
			};
			buildConfigurationList = 9B9DE4DC24EEC16C00D80085 /* Build configuration list for PBXProject "HighLowCardGame" */;
			compatibilityVersion = "Xcode 9.3";
			developmentRegion = en;
			hasScannedForEncodings = 0;
			knownRegions = (
				en,
				Base,
			);
			mainGroup = 9B9DE4D824EEC16C00D80085;
			productRefGroup = 9B9DE4E224EEC16C00D80085 /* Products */;
			projectDirPath = "";
			projectRoot = "";
			targets = (
				9B9DE4E024EEC16C00D80085 /* HighLowCardGame */,
			);
		};
/* End PBXProject section */

/* Begin PBXResourcesBuildPhase section */
		9B9DE4DF24EEC16C00D80085 /* Resources */ = {
			isa = PBXResourcesBuildPhase;
			buildActionMask = 2147483647;
			files = (
				9B9DE4F124EEC16C00D80085 /* LaunchScreen.storyboard in Resources */,
				9B9DE4F924EEC1A500D80085 /* Assets.xcassets in Resources */,
				9B9DE4EC24EEC16C00D80085 /* Main.storyboard in Resources */,
			);
			runOnlyForDeploymentPostprocessing = 0;
		};
/* End PBXResourcesBuildPhase section */

/* Begin PBXSourcesBuildPhase section */
		9B9DE4DD24EEC16C00D80085 /* Sources */ = {
			isa = PBXSourcesBuildPhase;
			buildActionMask = 2147483647;
			files = (
				9B9DE4FF24EECAEE00D80085 /* CardDeck.swift in Sources */,
				9B9DE50124EF0F8000D80085 /* CardStyle.swift in Sources */,
				9B9DE4FB24EEC25A00D80085 /* GameViewController.swift in Sources */,
				9B9DE4FD24EEC2CF00D80085 /* Card.swift in Sources */,
				9B9DE4E524EEC16C00D80085 /* AppDelegate.swift in Sources */,
				9BFC118E24F91300000C3927 /* UIButton+Extension.swift in Sources */,
				9B9DE4E724EEC16C00D80085 /* SceneDelegate.swift in Sources */,
				9BB56CC524F021FE005BF8CE /* Game.swift in Sources */,
			);
			runOnlyForDeploymentPostprocessing = 0;
		};
/* End PBXSourcesBuildPhase section */

/* Begin PBXVariantGroup section */
		9B9DE4EA24EEC16C00D80085 /* Main.storyboard */ = {
			isa = PBXVariantGroup;
			children = (
				9B9DE4EB24EEC16C00D80085 /* Base */,
			);
			name = Main.storyboard;
			sourceTree = "<group>";
		};
		9B9DE4EF24EEC16C00D80085 /* LaunchScreen.storyboard */ = {
			isa = PBXVariantGroup;
			children = (
				9B9DE4F024EEC16C00D80085 /* Base */,
			);
			name = LaunchScreen.storyboard;
			sourceTree = "<group>";
		};
/* End PBXVariantGroup section */

/* Begin XCBuildConfiguration section */
		9B9DE4F324EEC16C00D80085 /* Debug */ = {
			isa = XCBuildConfiguration;
			buildSettings = {
				ALWAYS_SEARCH_USER_PATHS = NO;
				CLANG_ANALYZER_NONNULL = YES;
				CLANG_ANALYZER_NUMBER_OBJECT_CONVERSION = YES_AGGRESSIVE;
				CLANG_CXX_LANGUAGE_STANDARD = "gnu++14";
				CLANG_CXX_LIBRARY = "libc++";
				CLANG_ENABLE_MODULES = YES;
				CLANG_ENABLE_OBJC_ARC = YES;
				CLANG_ENABLE_OBJC_WEAK = YES;
				CLANG_WARN_BLOCK_CAPTURE_AUTORELEASING = YES;
				CLANG_WARN_BOOL_CONVERSION = YES;
				CLANG_WARN_COMMA = YES;
				CLANG_WARN_CONSTANT_CONVERSION = YES;
				CLANG_WARN_DEPRECATED_OBJC_IMPLEMENTATIONS = YES;
				CLANG_WARN_DIRECT_OBJC_ISA_USAGE = YES_ERROR;
				CLANG_WARN_DOCUMENTATION_COMMENTS = YES;
				CLANG_WARN_EMPTY_BODY = YES;
				CLANG_WARN_ENUM_CONVERSION = YES;
				CLANG_WARN_INFINITE_RECURSION = YES;
				CLANG_WARN_INT_CONVERSION = YES;
				CLANG_WARN_NON_LITERAL_NULL_CONVERSION = YES;
				CLANG_WARN_OBJC_IMPLICIT_RETAIN_SELF = YES;
				CLANG_WARN_OBJC_LITERAL_CONVERSION = YES;
				CLANG_WARN_OBJC_ROOT_CLASS = YES_ERROR;
				CLANG_WARN_RANGE_LOOP_ANALYSIS = YES;
				CLANG_WARN_STRICT_PROTOTYPES = YES;
				CLANG_WARN_SUSPICIOUS_MOVE = YES;
				CLANG_WARN_UNGUARDED_AVAILABILITY = YES_AGGRESSIVE;
				CLANG_WARN_UNREACHABLE_CODE = YES;
				CLANG_WARN__DUPLICATE_METHOD_MATCH = YES;
				COPY_PHASE_STRIP = NO;
				DEBUG_INFORMATION_FORMAT = dwarf;
				ENABLE_STRICT_OBJC_MSGSEND = YES;
				ENABLE_TESTABILITY = YES;
				GCC_C_LANGUAGE_STANDARD = gnu11;
				GCC_DYNAMIC_NO_PIC = NO;
				GCC_NO_COMMON_BLOCKS = YES;
				GCC_OPTIMIZATION_LEVEL = 0;
				GCC_PREPROCESSOR_DEFINITIONS = (
					"DEBUG=1",
					"$(inherited)",
				);
				GCC_WARN_64_TO_32_BIT_CONVERSION = YES;
				GCC_WARN_ABOUT_RETURN_TYPE = YES_ERROR;
				GCC_WARN_UNDECLARED_SELECTOR = YES;
				GCC_WARN_UNINITIALIZED_AUTOS = YES_AGGRESSIVE;
				GCC_WARN_UNUSED_FUNCTION = YES;
				GCC_WARN_UNUSED_VARIABLE = YES;
				IPHONEOS_DEPLOYMENT_TARGET = 13.6;
				MTL_ENABLE_DEBUG_INFO = INCLUDE_SOURCE;
				MTL_FAST_MATH = YES;
				ONLY_ACTIVE_ARCH = YES;
				SDKROOT = iphoneos;
				SWIFT_ACTIVE_COMPILATION_CONDITIONS = DEBUG;
				SWIFT_OPTIMIZATION_LEVEL = "-Onone";
			};
			name = Debug;
		};
		9B9DE4F424EEC16C00D80085 /* Release */ = {
			isa = XCBuildConfiguration;
			buildSettings = {
				ALWAYS_SEARCH_USER_PATHS = NO;
				CLANG_ANALYZER_NONNULL = YES;
				CLANG_ANALYZER_NUMBER_OBJECT_CONVERSION = YES_AGGRESSIVE;
				CLANG_CXX_LANGUAGE_STANDARD = "gnu++14";
				CLANG_CXX_LIBRARY = "libc++";
				CLANG_ENABLE_MODULES = YES;
				CLANG_ENABLE_OBJC_ARC = YES;
				CLANG_ENABLE_OBJC_WEAK = YES;
				CLANG_WARN_BLOCK_CAPTURE_AUTORELEASING = YES;
				CLANG_WARN_BOOL_CONVERSION = YES;
				CLANG_WARN_COMMA = YES;
				CLANG_WARN_CONSTANT_CONVERSION = YES;
				CLANG_WARN_DEPRECATED_OBJC_IMPLEMENTATIONS = YES;
				CLANG_WARN_DIRECT_OBJC_ISA_USAGE = YES_ERROR;
				CLANG_WARN_DOCUMENTATION_COMMENTS = YES;
				CLANG_WARN_EMPTY_BODY = YES;
				CLANG_WARN_ENUM_CONVERSION = YES;
				CLANG_WARN_INFINITE_RECURSION = YES;
				CLANG_WARN_INT_CONVERSION = YES;
				CLANG_WARN_NON_LITERAL_NULL_CONVERSION = YES;
				CLANG_WARN_OBJC_IMPLICIT_RETAIN_SELF = YES;
				CLANG_WARN_OBJC_LITERAL_CONVERSION = YES;
				CLANG_WARN_OBJC_ROOT_CLASS = YES_ERROR;
				CLANG_WARN_RANGE_LOOP_ANALYSIS = YES;
				CLANG_WARN_STRICT_PROTOTYPES = YES;
				CLANG_WARN_SUSPICIOUS_MOVE = YES;
				CLANG_WARN_UNGUARDED_AVAILABILITY = YES_AGGRESSIVE;
				CLANG_WARN_UNREACHABLE_CODE = YES;
				CLANG_WARN__DUPLICATE_METHOD_MATCH = YES;
				COPY_PHASE_STRIP = NO;
				DEBUG_INFORMATION_FORMAT = "dwarf-with-dsym";
				ENABLE_NS_ASSERTIONS = NO;
				ENABLE_STRICT_OBJC_MSGSEND = YES;
				GCC_C_LANGUAGE_STANDARD = gnu11;
				GCC_NO_COMMON_BLOCKS = YES;
				GCC_WARN_64_TO_32_BIT_CONVERSION = YES;
				GCC_WARN_ABOUT_RETURN_TYPE = YES_ERROR;
				GCC_WARN_UNDECLARED_SELECTOR = YES;
				GCC_WARN_UNINITIALIZED_AUTOS = YES_AGGRESSIVE;
				GCC_WARN_UNUSED_FUNCTION = YES;
				GCC_WARN_UNUSED_VARIABLE = YES;
				IPHONEOS_DEPLOYMENT_TARGET = 13.6;
				MTL_ENABLE_DEBUG_INFO = NO;
				MTL_FAST_MATH = YES;
				SDKROOT = iphoneos;
				SWIFT_COMPILATION_MODE = wholemodule;
				SWIFT_OPTIMIZATION_LEVEL = "-O";
				VALIDATE_PRODUCT = YES;
			};
			name = Release;
		};
		9B9DE4F624EEC16C00D80085 /* Debug */ = {
			isa = XCBuildConfiguration;
			buildSettings = {
				ASSETCATALOG_COMPILER_APPICON_NAME = AppIcon;
				CODE_SIGN_STYLE = Automatic;
				DEVELOPMENT_TEAM = N93SL3X6F2;
				INFOPLIST_FILE = HighLowCardGame/Info.plist;
				LD_RUNPATH_SEARCH_PATHS = (
					"$(inherited)",
					"@executable_path/Frameworks",
				);
				PRODUCT_BUNDLE_IDENTIFIER = dev.tosc.HighLowCardGame;
				PRODUCT_NAME = HighLow;
				SWIFT_VERSION = 5.0;
				TARGETED_DEVICE_FAMILY = 1;
			};
			name = Debug;
		};
		9B9DE4F724EEC16C00D80085 /* Release */ = {
			isa = XCBuildConfiguration;
			buildSettings = {
				ASSETCATALOG_COMPILER_APPICON_NAME = AppIcon;
				CODE_SIGN_STYLE = Automatic;
				DEVELOPMENT_TEAM = N93SL3X6F2;
				INFOPLIST_FILE = HighLowCardGame/Info.plist;
				LD_RUNPATH_SEARCH_PATHS = (
					"$(inherited)",
					"@executable_path/Frameworks",
				);
				PRODUCT_BUNDLE_IDENTIFIER = dev.tosc.HighLowCardGame;
				PRODUCT_NAME = HighLow;
				SWIFT_VERSION = 5.0;
				TARGETED_DEVICE_FAMILY = 1;
			};
			name = Release;
		};
/* End XCBuildConfiguration section */

/* Begin XCConfigurationList section */
		9B9DE4DC24EEC16C00D80085 /* Build configuration list for PBXProject "HighLowCardGame" */ = {
			isa = XCConfigurationList;
			buildConfigurations = (
				9B9DE4F324EEC16C00D80085 /* Debug */,
				9B9DE4F424EEC16C00D80085 /* Release */,
			);
			defaultConfigurationIsVisible = 0;
			defaultConfigurationName = Release;
		};
		9B9DE4F524EEC16C00D80085 /* Build configuration list for PBXNativeTarget "HighLowCardGame" */ = {
			isa = XCConfigurationList;
			buildConfigurations = (
				9B9DE4F624EEC16C00D80085 /* Debug */,
				9B9DE4F724EEC16C00D80085 /* Release */,
			);
			defaultConfigurationIsVisible = 0;
			defaultConfigurationName = Release;
		};
/* End XCConfigurationList section */
	};
	rootObject = 9B9DE4D924EEC16C00D80085 /* Project object */;
}
